
Microsoft Visual Studio Solution File, Format Version 12.00
# Visual Studio Version 16
VisualStudioVersion = 16.0.30114.105
MinimumVisualStudioVersion = 10.0.40219.1
Project("{9A19103F-16F7-4668-BE54-9A1E7A4F7556}") = "AjaxSpaMvcCore", "AjaxSpaMvcCore\AjaxSpaMvcCore.csproj", "{969E8A9D-CD45-4DE5-8418-A29CD994170B}"
EndProject
Project("{FAE04EC0-301F-11D3-BF4B-00C04F79EFBC}") = "Sol_MVC_UI", "Sol_MVC_UI\Sol_MVC_UI.csproj", "{AC959822-7849-456E-99E2-63C7EBC68ED2}"
EndProject
Global
	GlobalSection(SolutionConfigurationPlatforms) = preSolution
		Debug|Any CPU = Debug|Any CPU
		Release|Any CPU = Release|Any CPU
	EndGlobalSection
	GlobalSection(ProjectConfigurationPlatforms) = postSolution
		{969E8A9D-CD45-4DE5-8418-A29CD994170B}.Debug|Any CPU.ActiveCfg = Debug|Any CPU
		{969E8A9D-CD45-4DE5-8418-A29CD994170B}.Debug|Any CPU.Build.0 = Debug|Any CPU
		{969E8A9D-CD45-4DE5-8418-A29CD994170B}.Release|Any CPU.ActiveCfg = Release|Any CPU
		{969E8A9D-CD45-4DE5-8418-A29CD994170B}.Release|Any CPU.Build.0 = Release|Any CPU
		{AC959822-7849-456E-99E2-63C7EBC68ED2}.Debug|Any CPU.ActiveCfg = Debug|Any CPU
		{AC959822-7849-456E-99E2-63C7EBC68ED2}.Debug|Any CPU.Build.0 = Debug|Any CPU
		{AC959822-7849-456E-99E2-63C7EBC68ED2}.Release|Any CPU.ActiveCfg = Release|Any CPU
		{AC959822-7849-456E-99E2-63C7EBC68ED2}.Release|Any CPU.Build.0 = Release|Any CPU
	EndGlobalSection
	GlobalSection(SolutionProperties) = preSolution
		HideSolutionNode = FALSE
	EndGlobalSection
	GlobalSection(ExtensibilityGlobals) = postSolution
		SolutionGuid = {430BA671-86AB-4A61-9686-7E406CC1E310}
	EndGlobalSection
EndGlobal
